
Microsoft Visual Studio Solution File, Format Version 12.00
# Visual Studio Version 17
VisualStudioVersion = 17.3.32901.215
MinimumVisualStudioVersion = 10.0.40219.1
Project("{FAE04EC0-301F-11D3-BF4B-00C04F79EFBC}") = "EindProjectTamagotchi", "EindProjectTamagotchi\EindProjectTamagotchi.csproj", "{982A7ABD-0151-433A-8FDB-0252A46DD0C5}"
EndProject
Global
	GlobalSection(SolutionConfigurationPlatforms) = preSolution
		Debug|Any CPU = Debug|Any CPU
		Release|Any CPU = Release|Any CPU
	EndGlobalSection
	GlobalSection(ProjectConfigurationPlatforms) = postSolution
		{982A7ABD-0151-433A-8FDB-0252A46DD0C5}.Debug|Any CPU.ActiveCfg = Debug|Any CPU
		{982A7ABD-0151-433A-8FDB-0252A46DD0C5}.Debug|Any CPU.Build.0 = Debug|Any CPU
		{982A7ABD-0151-433A-8FDB-0252A46DD0C5}.Release|Any CPU.ActiveCfg = Release|Any CPU
		{982A7ABD-0151-433A-8FDB-0252A46DD0C5}.Release|Any CPU.Build.0 = Release|Any CPU
	EndGlobalSection
	GlobalSection(SolutionProperties) = preSolution
		HideSolutionNode = FALSE
	EndGlobalSection
	GlobalSection(ExtensibilityGlobals) = postSolution
		SolutionGuid = {8B894D3A-527B-4D02-A988-E36334178A7A}
	EndGlobalSection
EndGlobal
